
Microsoft Visual Studio Solution File, Format Version 12.00
# Visual Studio Version 16
VisualStudioVersion = 16.0.29709.97
MinimumVisualStudioVersion = 10.0.40219.1
Project("{8BC9CEB8-8B4A-11D0-8D11-00A0C91BC942}") = "ModulAsm", "ModulAsm.vcxproj", "{689F5375-9666-49A9-A9F9-121E17DCE655}"
EndProject
Global
	GlobalSection(SolutionConfigurationPlatforms) = preSolution
		Debug|x64 = Debug|x64
		Debug|x86 = Debug|x86
		Release|x64 = Release|x64
		Release|x86 = Release|x86
	EndGlobalSection
	GlobalSection(ProjectConfigurationPlatforms) = postSolution
		{689F5375-9666-49A9-A9F9-121E17DCE655}.Debug|x64.ActiveCfg = Debug|x64
		{689F5375-9666-49A9-A9F9-121E17DCE655}.Debug|x64.Build.0 = Debug|x64
		{689F5375-9666-49A9-A9F9-121E17DCE655}.Debug|x86.ActiveCfg = Debug|Win32
		{689F5375-9666-49A9-A9F9-121E17DCE655}.Debug|x86.Build.0 = Debug|Win32
		{689F5375-9666-49A9-A9F9-121E17DCE655}.Release|x64.ActiveCfg = Release|x64
		{689F5375-9666-49A9-A9F9-121E17DCE655}.Release|x64.Build.0 = Release|x64
		{689F5375-9666-49A9-A9F9-121E17DCE655}.Release|x86.ActiveCfg = Release|Win32
		{689F5375-9666-49A9-A9F9-121E17DCE655}.Release|x86.Build.0 = Release|Win32
	EndGlobalSection
	GlobalSection(SolutionProperties) = preSolution
		HideSolutionNode = FALSE
	EndGlobalSection
	GlobalSection(ExtensibilityGlobals) = postSolution
		SolutionGuid = {E1AC5E60-ADF8-47AF-B244-1860DAFFBD09}
	EndGlobalSection
EndGlobal
