
Microsoft Visual Studio Solution File, Format Version 12.00
# Visual Studio Version 16
VisualStudioVersion = 16.0.29926.136
MinimumVisualStudioVersion = 10.0.40219.1
Project("{8BC9CEB8-8B4A-11D0-8D11-00A0C91BC942}") = "SP(09.04.2020)", "SP(09.04.2020)\SP(09.04.2020).vcxproj", "{0ACD8414-AC38-40C2-B84E-6158F05545DC}"
EndProject
Global
	GlobalSection(SolutionConfigurationPlatforms) = preSolution
		Debug|x64 = Debug|x64
		Debug|x86 = Debug|x86
		Release|x64 = Release|x64
		Release|x86 = Release|x86
	EndGlobalSection
	GlobalSection(ProjectConfigurationPlatforms) = postSolution
		{0ACD8414-AC38-40C2-B84E-6158F05545DC}.Debug|x64.ActiveCfg = Debug|x64
		{0ACD8414-AC38-40C2-B84E-6158F05545DC}.Debug|x64.Build.0 = Debug|x64
		{0ACD8414-AC38-40C2-B84E-6158F05545DC}.Debug|x86.ActiveCfg = Debug|Win32
		{0ACD8414-AC38-40C2-B84E-6158F05545DC}.Debug|x86.Build.0 = Debug|Win32
		{0ACD8414-AC38-40C2-B84E-6158F05545DC}.Release|x64.ActiveCfg = Release|x64
		{0ACD8414-AC38-40C2-B84E-6158F05545DC}.Release|x64.Build.0 = Release|x64
		{0ACD8414-AC38-40C2-B84E-6158F05545DC}.Release|x86.ActiveCfg = Release|Win32
		{0ACD8414-AC38-40C2-B84E-6158F05545DC}.Release|x86.Build.0 = Release|Win32
	EndGlobalSection
	GlobalSection(SolutionProperties) = preSolution
		HideSolutionNode = FALSE
	EndGlobalSection
	GlobalSection(ExtensibilityGlobals) = postSolution
		SolutionGuid = {F77E4F91-98A2-4115-A4A6-D54891804A53}
	EndGlobalSection
EndGlobal
