
Microsoft Visual Studio Solution File, Format Version 12.00
# Visual Studio Version 16
VisualStudioVersion = 16.0.29709.97
MinimumVisualStudioVersion = 10.0.40219.1
Project("{8BC9CEB8-8B4A-11D0-8D11-00A0C91BC942}") = "FinalBiDirectionalList", "FinalBiDirectionalList.vcxproj", "{29B549CB-C0EC-497B-B415-68B0F6B343F0}"
EndProject
Global
	GlobalSection(SolutionConfigurationPlatforms) = preSolution
		Debug|x64 = Debug|x64
		Debug|x86 = Debug|x86
		Release|x64 = Release|x64
		Release|x86 = Release|x86
	EndGlobalSection
	GlobalSection(ProjectConfigurationPlatforms) = postSolution
		{29B549CB-C0EC-497B-B415-68B0F6B343F0}.Debug|x64.ActiveCfg = Debug|x64
		{29B549CB-C0EC-497B-B415-68B0F6B343F0}.Debug|x64.Build.0 = Debug|x64
		{29B549CB-C0EC-497B-B415-68B0F6B343F0}.Debug|x86.ActiveCfg = Debug|Win32
		{29B549CB-C0EC-497B-B415-68B0F6B343F0}.Debug|x86.Build.0 = Debug|Win32
		{29B549CB-C0EC-497B-B415-68B0F6B343F0}.Release|x64.ActiveCfg = Release|x64
		{29B549CB-C0EC-497B-B415-68B0F6B343F0}.Release|x64.Build.0 = Release|x64
		{29B549CB-C0EC-497B-B415-68B0F6B343F0}.Release|x86.ActiveCfg = Release|Win32
		{29B549CB-C0EC-497B-B415-68B0F6B343F0}.Release|x86.Build.0 = Release|Win32
	EndGlobalSection
	GlobalSection(SolutionProperties) = preSolution
		HideSolutionNode = FALSE
	EndGlobalSection
	GlobalSection(ExtensibilityGlobals) = postSolution
		SolutionGuid = {2B9A06BE-4708-4984-9577-AD268A93498B}
	EndGlobalSection
EndGlobal
