
Microsoft Visual Studio Solution File, Format Version 12.00
# Visual Studio Version 16
VisualStudioVersion = 16.0.30011.22
MinimumVisualStudioVersion = 10.0.40219.1
Project("{8BC9CEB8-8B4A-11D0-8D11-00A0C91BC942}") = "Gauss(VMA)", "Gauss(VMA)\Gauss(VMA).vcxproj", "{8329F5CB-1E0A-4802-B547-05C40A2C498D}"
EndProject
Global
	GlobalSection(SolutionConfigurationPlatforms) = preSolution
		Debug|x64 = Debug|x64
		Debug|x86 = Debug|x86
		Release|x64 = Release|x64
		Release|x86 = Release|x86
	EndGlobalSection
	GlobalSection(ProjectConfigurationPlatforms) = postSolution
		{8329F5CB-1E0A-4802-B547-05C40A2C498D}.Debug|x64.ActiveCfg = Debug|x64
		{8329F5CB-1E0A-4802-B547-05C40A2C498D}.Debug|x64.Build.0 = Debug|x64
		{8329F5CB-1E0A-4802-B547-05C40A2C498D}.Debug|x86.ActiveCfg = Debug|Win32
		{8329F5CB-1E0A-4802-B547-05C40A2C498D}.Debug|x86.Build.0 = Debug|Win32
		{8329F5CB-1E0A-4802-B547-05C40A2C498D}.Release|x64.ActiveCfg = Release|x64
		{8329F5CB-1E0A-4802-B547-05C40A2C498D}.Release|x64.Build.0 = Release|x64
		{8329F5CB-1E0A-4802-B547-05C40A2C498D}.Release|x86.ActiveCfg = Release|Win32
		{8329F5CB-1E0A-4802-B547-05C40A2C498D}.Release|x86.Build.0 = Release|Win32
	EndGlobalSection
	GlobalSection(SolutionProperties) = preSolution
		HideSolutionNode = FALSE
	EndGlobalSection
	GlobalSection(ExtensibilityGlobals) = postSolution
		SolutionGuid = {7B8EC912-C1C0-473A-896A-10B476C441A2}
	EndGlobalSection
EndGlobal
