
Microsoft Visual Studio Solution File, Format Version 12.00
# Visual Studio Version 16
VisualStudioVersion = 16.0.29509.3
MinimumVisualStudioVersion = 10.0.40219.1
Project("{8BC9CEB8-8B4A-11D0-8D11-00A0C91BC942}") = "Stack.queue", "Stack.queue\Stack.queue.vcxproj", "{EB058AEB-5396-4FD1-9252-FC5E0363A50C}"
EndProject
Global
	GlobalSection(SolutionConfigurationPlatforms) = preSolution
		Debug|x64 = Debug|x64
		Debug|x86 = Debug|x86
		Release|x64 = Release|x64
		Release|x86 = Release|x86
	EndGlobalSection
	GlobalSection(ProjectConfigurationPlatforms) = postSolution
		{EB058AEB-5396-4FD1-9252-FC5E0363A50C}.Debug|x64.ActiveCfg = Debug|x64
		{EB058AEB-5396-4FD1-9252-FC5E0363A50C}.Debug|x64.Build.0 = Debug|x64
		{EB058AEB-5396-4FD1-9252-FC5E0363A50C}.Debug|x86.ActiveCfg = Debug|Win32
		{EB058AEB-5396-4FD1-9252-FC5E0363A50C}.Debug|x86.Build.0 = Debug|Win32
		{EB058AEB-5396-4FD1-9252-FC5E0363A50C}.Release|x64.ActiveCfg = Release|x64
		{EB058AEB-5396-4FD1-9252-FC5E0363A50C}.Release|x64.Build.0 = Release|x64
		{EB058AEB-5396-4FD1-9252-FC5E0363A50C}.Release|x86.ActiveCfg = Release|Win32
		{EB058AEB-5396-4FD1-9252-FC5E0363A50C}.Release|x86.Build.0 = Release|Win32
	EndGlobalSection
	GlobalSection(SolutionProperties) = preSolution
		HideSolutionNode = FALSE
	EndGlobalSection
	GlobalSection(ExtensibilityGlobals) = postSolution
		SolutionGuid = {A94CDBBE-2276-4933-B77B-5424CCB6279D}
	EndGlobalSection
EndGlobal
